{
  "version": 4,
  "terraform_version": "1.3.8",
  "serial": 1372,
  "lineage": "2fdd006d-9060-8dee-805c-04dcae2496bc",
  "outputs": {
    "config_map_aws_auth": {
      "value": "apiVersion: v1\nkind: ConfigMap\nmetadata:\nname: aws-auth\nnamespace: kube-system\ndata:\nmapRoles: |\n- rolearn: arn:aws:iam::211125510167:role/terraform-eks-demo-node\nusername: system:node:{{EC2PrivateDNSName}}\ngroups:\n- system:bootstrappers\n- system:nodes\n",
      "type": "string"
    },
    "kubeconfig": {
      "value": "\napiVersion: v1\nclusters:\n- cluster:\nserver: https://347AE13B7730487882422B8AABB5DD10.gr7.us-east-1.eks.amazonaws.com\ncertificate-authority-data: LS0tLS1CRUdJTiBDRVJUSUZJQ0FURS0tLS0tCk1JSURCVENDQWUyZ0F3SUJBZ0lJSE85SzByNS9IR0l3RFFZSktvWklodmNOQVFFTEJRQXdGVEVUTUJFR0ExVUUKQXhNS2EzVmlaWEp1WlhSbGN6QWVGdzB5TkRBMk1qWXhOakkyTWpsYUZ3MHpOREEyTWpReE5qTXhNamxhTUJVeApFekFSQmdOVkJBTVRDbXQxWW1WeWJtVjBaWE13Z2dFaU1BMEdDU3FHU0liM0RRRUJBUVVBQTRJQkR3QXdnZ0VLCkFvSUJBUURtT1lRVHNUd3JWRFkwVmJmd0ZqNVVkUllSY1M1WUpmbUJvWXdSQmJGOTBhaFlLOEI2ZXc3emx5VU4Ka0lEZ0Z1RXgzZWttUm1EemdQV1FuVFp5TjZsZnV0MU9GNzVYd1ZqQktBTVl6dFpjbVNWK1dncEtrZElXb0xpcApXeXFnY3NrSjBiWmVaVlJjYm1EbzVWT200ekQ3MVNyYm5rdDdJZWprb0szRjMxRGxlaE5sSW5lVGJaZVRrZ2JTCkJjdjUxOTFrZkRmQ3QzUkRTZWM3L3BHczlnZm9lZnVwakNTdUhLdER0a3lCNUp1VHpuQTdLaWp3QU95VitzWnMKdmp4WFhJWnlKUVFCb3NNTHJtSEFRWUkzM2NHTThOQzh2MnIxeGVXbUk5eFdBM0MyallscHRnR0IxdCs5VXhmbgo4enp6YUlKRU5Gb0ZHd0RmNVRWNWFkamVsY3hkQWdNQkFBR2pXVEJYTUE0R0ExVWREd0VCL3dRRUF3SUNwREFQCkJnTlZIUk1CQWY4RUJUQURBUUgvTUIwR0ExVWREZ1FXQkJTNFVZRVc4RHZvdXpMNzJwdzBidlFOTlkzNFF6QVYKQmdOVkhSRUVEakFNZ2dwcmRXSmxjbTVsZEdWek1BMEdDU3FHU0liM0RRRUJDd1VBQTRJQkFRQXNUMVBQQXhBQQpyUzZGNDBXTU9TZC8wbmxoYkdXK1M4eHFjZ0FjVnpSNVd1WE56M0Q1Sm5WaUVjRnNNOFQyN1BRTkpuQUFOQ1drCkJITEl3QVNkalY2L0dNbnJUZ3J0Nk5VelM5TlVMUTBRem5sNEZTR0QvMkdIWEdmWEUwTDNqRmR0YndtbExJOVgKa2l3eXVKNElwTWZCVVg1bklDdUFHa25CNHVKZnN3V3BZclpxVVMrU3NZbnZxeUJHV3h1U3NyWWFEOXowVFMxdAo1NXpNVGtwTzBqV1ZhaTh1WWRnbDh5TlNNcXZaSWpFMVdzSnFsdXlBd3g5L0lWYXJLVGFyTWpXUTIrNG85QWpxCmVkYktZRzBFRkN5VkF4UFBLcHQzemR4cWl4VEJuRnpsbHluUUxQVDcySmxFRExrT0k4RzkzVTkzRkxEVnUzS2cKVEpSNFB6a1ZIRFFyCi0tLS0tRU5EIENFUlRJRklDQVRFLS0tLS0K\nname: kubernetes\ncontexts:\n- context:\ncluster: kubernetes\nuser: aws\nname: aws\ncurrent-context: aws\nkind: Config\npreferences: {}\nusers:\n- name: aws\nuser:\nexec:\napiVersion: client.authentication.k8s.io/v1alpha1\ncommand: aws-iam-authenticator\nargs:\n- \"token\"\n-\n\"\n-i\"\n- \"terraform-eks-demo\"\n",
      "type": "string"
    },
    "kubeversion": {
      "value": "1.30",
      "type": "string"
    }
  },
  "resources": [
    {
      "mode": "data",
      "type": "aws_ami",
      "name": "eks-worker",
      "provider": "provider[\"registry.terraform.io/hashicorp/aws\"]",
      "instances": [
        {
          "schema_version": 0,
          "attributes": {
            "architecture": "x86_64",
            "arn": "arn:aws:ec2:us-east-1::image/ami-05e7e986227a095a9",
            "block_device_mappings": [
              {
                "device_name": "/dev/xvda",
                "ebs": {
                  "delete_on_termination": "true",
                  "encrypted": "false",
                  "iops": "0",
                  "snapshot_id": "snap-06cbaafc056eff9c6",
                  "throughput": "0",
                  "volume_size": "20",
                  "volume_type": "gp2"
                },
                "no_device": "",
                "virtual_name": ""
              }
            ],
            "boot_mode": "",
            "creation_date": "2024-06-17T07:28:07.000Z",
            "deprecation_time": "2026-06-17T07:28:07.000Z",
            "description": "EKS Kubernetes Worker AMI with AmazonLinux2 image, (k8s: 1.30.0, containerd: 1.7.*)",
            "ena_support": true,
            "executable_users": null,
            "filter": [
              {
                "name": "name",
                "values": [
                  "amazon-eks-node-1.30-v*"
                ]
              }
            ],
            "hypervisor": "xen",
            "id": "ami-05e7e986227a095a9",
            "image_id": "ami-05e7e986227a095a9",
            "image_location": "amazon/amazon-eks-node-1.30-v20240615",
            "image_owner_alias": "amazon",
            "image_type": "machine",
            "imds_support": "",
            "include_deprecated": false,
            "kernel_id": "",
            "most_recent": true,
            "name": "amazon-eks-node-1.30-v20240615",
            "name_regex": null,
            "owner_id": "602401143452",
            "owners": [
              "602401143452"
            ],
            "platform": "",
            "platform_details": "Linux/UNIX",
            "product_codes": [],
            "public": true,
            "ramdisk_id": "",
            "root_device_name": "/dev/xvda",
            "root_device_type": "ebs",
            "root_snapshot_id": "snap-06cbaafc056eff9c6",
            "sriov_net_support": "simple",
            "state": "available",
            "state_reason": {
              "code": "UNSET",
              "message": "UNSET"
            },
            "tags": {},
            "timeouts": null,
            "tpm_support": "",
            "usage_operation": "RunInstances",
            "virtualization_type": "hvm"
          },
          "sensitive_attributes": []
        }
      ]
    },
    {
      "mode": "data",
      "type": "aws_availability_zones",
      "name": "available",
      "provider": "provider[\"registry.terraform.io/hashicorp/aws\"]",
      "instances": [
        {
          "schema_version": 0,
          "attributes": {
            "all_availability_zones": null,
            "exclude_names": null,
            "exclude_zone_ids": null,
            "filter": null,
            "group_names": [
              "us-east-1"
            ],
            "id": "us-east-1",
            "names": [
              "us-east-1a",
              "us-east-1b",
              "us-east-1c",
              "us-east-1d",
              "us-east-1e",
              "us-east-1f"
            ],
            "state": null,
            "timeouts": null,
            "zone_ids": [
              "use1-az6",
              "use1-az1",
              "use1-az2",
              "use1-az4",
              "use1-az3",
              "use1-az5"
            ]
          },
          "sensitive_attributes": []
        }
      ]
    },
    {
      "mode": "data",
      "type": "aws_eks_cluster_auth",
      "name": "demo",
      "provider": "provider[\"registry.terraform.io/hashicorp/aws\"]",
      "instances": [
        {
          "schema_version": 0,
          "attributes": {
            "id": "terraform-eks-demo",
            "name": "terraform-eks-demo",
            "token": "k8s-aws-v1.aHR0cHM6Ly9zdHMudXMtZWFzdC0xLmFtYXpvbmF3cy5jb20vP0FjdGlvbj1HZXRDYWxsZXJJZGVudGl0eSZWZXJzaW9uPTIwMTEtMDYtMTUmWC1BbXotQWxnb3JpdGhtPUFXUzQtSE1BQy1TSEEyNTYmWC1BbXotQ3JlZGVudGlhbD1BS0lBVENLQVBVQUxXUFBVV0s0VCUyRjIwMjQwNjI2JTJGdXMtZWFzdC0xJTJGc3RzJTJGYXdzNF9yZXF1ZXN0JlgtQW16LURhdGU9MjAyNDA2MjZUMTYyNjU4WiZYLUFtei1FeHBpcmVzPTAmWC1BbXotU2lnbmVkSGVhZGVycz1ob3N0JTNCeC1rOHMtYXdzLWlkJlgtQW16LVNpZ25hdHVyZT00MDJjMjQ4YmRlODRkZmNmZDUxNDEzNGQwN2MzM2FmNGE5ZmFmMjE0NjA5NWNlNDU5Y2U3YWJjMGQ1YWM3Njlj"
          },
          "sensitive_attributes": []
        }
      ]
    },
    {
      "mode": "data",
      "type": "aws_region",
      "name": "current",
      "provider": "provider[\"registry.terraform.io/hashicorp/aws\"]",
      "instances": [
        {
          "schema_version": 0,
          "attributes": {
            "description": "US East (N. Virginia)",
            "endpoint": "ec2.us-east-1.amazonaws.com",
            "id": "us-east-1",
            "name": "us-east-1"
          },
          "sensitive_attributes": []
        }
      ]
    },
    {
      "mode": "managed",
      "type": "aws_autoscaling_group",
      "name": "demo",
      "provider": "provider[\"registry.terraform.io/hashicorp/aws\"]",
      "instances": [
        {
          "schema_version": 1,
          "attributes": {
            "arn": "arn:aws:autoscaling:us-east-1:211125510167:autoScalingGroup:3976c7de-c67c-47fa-b32e-192b2868f236:autoScalingGroupName/terraform-eks-demo",
            "availability_zones": [
              "us-east-1a",
              "us-east-1b"
            ],
            "capacity_rebalance": false,
            "context": "",
            "default_cooldown": 300,
            "default_instance_warmup": 0,
            "desired_capacity": 2,
            "desired_capacity_type": "",
            "enabled_metrics": null,
            "force_delete": false,
            "force_delete_warm_pool": false,
            "health_check_grace_period": 300,
            "health_check_type": "EC2",
            "id": "terraform-eks-demo",
            "ignore_failed_scaling_activities": false,
            "initial_lifecycle_hook": [],
            "instance_maintenance_policy": [],
            "instance_refresh": [],
            "launch_configuration": "terraform-eks-demo2024062616341204520000000a",
            "launch_template": [],
            "load_balancers": [],
            "max_instance_lifetime": 0,
            "max_size": 2,
            "metrics_granularity": "1Minute",
            "min_elb_capacity": null,
            "min_size": 1,
            "mixed_instances_policy": [],
            "name": "terraform-eks-demo",
            "name_prefix": "",
            "placement_group": "",
            "predicted_capacity": 0,
            "protect_from_scale_in": false,
            "service_linked_role_arn": "arn:aws:iam::211125510167:role/aws-service-role/autoscaling.amazonaws.com/AWSServiceRoleForAutoScaling",
            "suspended_processes": null,
            "tag": [
              {
                "key": "Name",
                "propagate_at_launch": true,
                "value": "terraform-eks-demo"
              },
              {
                "key": "kubernetes.io/cluster/terraform-eks-demo",
                "propagate_at_launch": true,
                "value": "owned"
              }
            ],
            "target_group_arns": [],
            "termination_policies": null,
            "timeouts": null,
            "traffic_source": [],
            "vpc_zone_identifier": [
              "subnet-00e830cc758be0c08",
              "subnet-013bc17d0bdb3916c"
            ],
            "wait_for_capacity_timeout": "10m",
            "wait_for_elb_capacity": null,
            "warm_pool": [],
            "warm_pool_size": 0
          },
          "sensitive_attributes": [],
          "private": "eyJlMmJmYjczMC1lY2FhLTExZTYtOGY4OC0zNDM2M2JjN2M0YzAiOnsiZGVsZXRlIjo2MDAwMDAwMDAwMDAsInVwZGF0ZSI6NjAwMDAwMDAwMDAwfSwic2NoZW1hX3ZlcnNpb24iOiIxIn0=",
          "dependencies": [
            "aws_eks_cluster.demo",
            "aws_iam_instance_profile.demo-node",
            "aws_iam_role.demo-cluster",
            "aws_iam_role.demo-node",
            "aws_iam_role_policy_attachment.demo-cluster-AmazonEKSClusterPolicy",
            "aws_iam_role_policy_attachment.demo-cluster-AmazonEKSServicePolicy",
            "aws_launch_configuration.demo",
            "aws_security_group.demo-cluster",
            "aws_security_group.demo-node",
            "aws_subnet.demo",
            "aws_vpc.demo",
            "data.aws_ami.eks-worker",
            "data.aws_availability_zones.available"
          ]
        }
      ]
    },
    {
      "mode": "managed",
      "type": "aws_cloudwatch_log_group",
      "name": "backend_logs",
      "provider": "provider[\"registry.terraform.io/hashicorp/aws\"]",
      "instances": [
        {
          "schema_version": 0,
          "attributes": {
            "arn": "arn:aws:logs:us-east-1:211125510167:log-group:/eks/backend",
            "id": "/eks/backend",
            "kms_key_id": "",
            "log_group_class": "STANDARD",
            "name": "/eks/backend",
            "name_prefix": "",
            "retention_in_days": 7,
            "skip_destroy": false,
            "tags": null,
            "tags_all": {}
          },
          "sensitive_attributes": [],
          "private": "bnVsbA=="
        }
      ]
    },
    {
      "mode": "managed",
      "type": "aws_cloudwatch_log_stream",
      "name": "backend_log_stream",
      "provider": "provider[\"registry.terraform.io/hashicorp/aws\"]",
      "instances": [
        {
          "schema_version": 0,
          "attributes": {
            "arn": "arn:aws:logs:us-east-1:211125510167:log-group:/eks/backend:log-stream:backend-stream",
            "id": "backend-stream",
            "log_group_name": "/eks/backend",
            "name": "backend-stream"
          },
          "sensitive_attributes": [],
          "private": "bnVsbA==",
          "dependencies": [
            "aws_cloudwatch_log_group.backend_logs"
          ]
        }
      ]
    },
    {
      "mode": "managed",
      "type": "aws_cloudwatch_metric_alarm",
      "name": "tweets_request_count_alarm",
      "provider": "provider[\"registry.terraform.io/hashicorp/aws\"]",
      "instances": [
        {
          "schema_version": 1,
          "attributes": {
            "actions_enabled": true,
            "alarm_actions": null,
            "alarm_description": "Alarm when request count exceeds threshold in /tweets endpoint",
            "alarm_name": "tweets-request-count-alarm",
            "arn": "arn:aws:cloudwatch:us-east-1:211125510167:alarm:tweets-request-count-alarm",
            "comparison_operator": "GreaterThanOrEqualToThreshold",
            "datapoints_to_alarm": 0,
            "dimensions": {
              "APIEndpoint": "/tweets"
            },
            "evaluate_low_sample_count_percentiles": "",
            "evaluation_periods": 1,
            "extended_statistic": "",
            "id": "tweets-request-count-alarm",
            "insufficient_data_actions": null,
            "metric_name": "TweetsRequestCount",
            "metric_query": [],
            "namespace": "YourAppNamespace",
            "ok_actions": null,
            "period": 60,
            "statistic": "Sum",
            "tags": null,
            "tags_all": {},
            "threshold": 100,
            "threshold_metric_id": "",
            "treat_missing_data": "missing",
            "unit": ""
          },
          "sensitive_attributes": [],
          "private": "eyJzY2hlbWFfdmVyc2lvbiI6IjEifQ=="
        }
      ]
    },
    {
      "mode": "managed",
      "type": "aws_eks_cluster",
      "name": "demo",
      "provider": "provider[\"registry.terraform.io/hashicorp/aws\"]",
      "instances": [
        {
          "schema_version": 0,
          "attributes": {
            "access_config": [
              {
                "authentication_mode": "CONFIG_MAP",
                "bootstrap_cluster_creator_admin_permissions": false
              }
            ],
            "arn": "arn:aws:eks:us-east-1:211125510167:cluster/terraform-eks-demo",
            "certificate_authority": [
              {
                "data": "LS0tLS1CRUdJTiBDRVJUSUZJQ0FURS0tLS0tCk1JSURCVENDQWUyZ0F3SUJBZ0lJSE85SzByNS9IR0l3RFFZSktvWklodmNOQVFFTEJRQXdGVEVUTUJFR0ExVUUKQXhNS2EzVmlaWEp1WlhSbGN6QWVGdzB5TkRBMk1qWXhOakkyTWpsYUZ3MHpOREEyTWpReE5qTXhNamxhTUJVeApFekFSQmdOVkJBTVRDbXQxWW1WeWJtVjBaWE13Z2dFaU1BMEdDU3FHU0liM0RRRUJBUVVBQTRJQkR3QXdnZ0VLCkFvSUJBUURtT1lRVHNUd3JWRFkwVmJmd0ZqNVVkUllSY1M1WUpmbUJvWXdSQmJGOTBhaFlLOEI2ZXc3emx5VU4Ka0lEZ0Z1RXgzZWttUm1EemdQV1FuVFp5TjZsZnV0MU9GNzVYd1ZqQktBTVl6dFpjbVNWK1dncEtrZElXb0xpcApXeXFnY3NrSjBiWmVaVlJjYm1EbzVWT200ekQ3MVNyYm5rdDdJZWprb0szRjMxRGxlaE5sSW5lVGJaZVRrZ2JTCkJjdjUxOTFrZkRmQ3QzUkRTZWM3L3BHczlnZm9lZnVwakNTdUhLdER0a3lCNUp1VHpuQTdLaWp3QU95VitzWnMKdmp4WFhJWnlKUVFCb3NNTHJtSEFRWUkzM2NHTThOQzh2MnIxeGVXbUk5eFdBM0MyallscHRnR0IxdCs5VXhmbgo4enp6YUlKRU5Gb0ZHd0RmNVRWNWFkamVsY3hkQWdNQkFBR2pXVEJYTUE0R0ExVWREd0VCL3dRRUF3SUNwREFQCkJnTlZIUk1CQWY4RUJUQURBUUgvTUIwR0ExVWREZ1FXQkJTNFVZRVc4RHZvdXpMNzJwdzBidlFOTlkzNFF6QVYKQmdOVkhSRUVEakFNZ2dwcmRXSmxjbTVsZEdWek1BMEdDU3FHU0liM0RRRUJDd1VBQTRJQkFRQXNUMVBQQXhBQQpyUzZGNDBXTU9TZC8wbmxoYkdXK1M4eHFjZ0FjVnpSNVd1WE56M0Q1Sm5WaUVjRnNNOFQyN1BRTkpuQUFOQ1drCkJITEl3QVNkalY2L0dNbnJUZ3J0Nk5VelM5TlVMUTBRem5sNEZTR0QvMkdIWEdmWEUwTDNqRmR0YndtbExJOVgKa2l3eXVKNElwTWZCVVg1bklDdUFHa25CNHVKZnN3V3BZclpxVVMrU3NZbnZxeUJHV3h1U3NyWWFEOXowVFMxdAo1NXpNVGtwTzBqV1ZhaTh1WWRnbDh5TlNNcXZaSWpFMVdzSnFsdXlBd3g5L0lWYXJLVGFyTWpXUTIrNG85QWpxCmVkYktZRzBFRkN5VkF4UFBLcHQzemR4cWl4VEJuRnpsbHluUUxQVDcySmxFRExrT0k4RzkzVTkzRkxEVnUzS2cKVEpSNFB6a1ZIRFFyCi0tLS0tRU5EIENFUlRJRklDQVRFLS0tLS0K"
              }
            ],
            "cluster_id": null,
            "created_at": "2024-06-26 16:27:09.136 +0000 UTC",
            "enabled_cluster_log_types": null,
            "encryption_config": [],
            "endpoint": "https://347AE13B7730487882422B8AABB5DD10.gr7.us-east-1.eks.amazonaws.com",
            "id": "terraform-eks-demo",
            "identity": [
              {
                "oidc": [
                  {
                    "issuer": "https://oidc.eks.us-east-1.amazonaws.com/id/347AE13B7730487882422B8AABB5DD10"
                  }
                ]
              }
            ],
            "kubernetes_network_config": [
              {
                "ip_family": "ipv4",
                "service_ipv4_cidr": "172.20.0.0/16",
                "service_ipv6_cidr": ""
              }
            ],
            "name": "terraform-eks-demo",
            "outpost_config": [],
            "platform_version": "eks.2",
            "role_arn": "arn:aws:iam::211125510167:role/terraform-eks-demo-cluster",
            "status": "ACTIVE",
            "tags": null,
            "tags_all": {},
            "timeouts": null,
            "version": "1.30",
            "vpc_config": [
              {
                "cluster_security_group_id": "sg-0ca13c73970fc89bb",
                "endpoint_private_access": false,
                "endpoint_public_access": true,
                "public_access_cidrs": [
                  "0.0.0.0/0"
                ],
                "security_group_ids": [
                  "sg-07cb48be6a557a805"
                ],
                "subnet_ids": [
                  "subnet-00e830cc758be0c08",
                  "subnet-013bc17d0bdb3916c"
                ],
                "vpc_id": "vpc-03fa1bf55924ec857"
              }
            ]
          },
          "sensitive_attributes": [],
          "private": "eyJlMmJmYjczMC1lY2FhLTExZTYtOGY4OC0zNDM2M2JjN2M0YzAiOnsiY3JlYXRlIjoxODAwMDAwMDAwMDAwLCJkZWxldGUiOjkwMDAwMDAwMDAwMCwidXBkYXRlIjozNjAwMDAwMDAwMDAwfX0=",
          "dependencies": [
            "aws_iam_role.demo-cluster",
            "aws_iam_role_policy_attachment.demo-cluster-AmazonEKSClusterPolicy",
            "aws_iam_role_policy_attachment.demo-cluster-AmazonEKSServicePolicy",
            "aws_security_group.demo-cluster",
            "aws_subnet.demo",
            "aws_vpc.demo",
            "data.aws_availability_zones.available"
          ],
          "create_before_destroy": true
        }
      ]
    },
    {
      "mode": "managed",
      "type": "aws_iam_instance_profile",
      "name": "demo-node",
      "provider": "provider[\"registry.terraform.io/hashicorp/aws\"]",
      "instances": [
        {
          "schema_version": 0,
          "attributes": {
            "arn": "arn:aws:iam::211125510167:instance-profile/terraform-eks-demo",
            "create_date": "2024-06-26T16:27:03Z",
            "id": "terraform-eks-demo",
            "name": "terraform-eks-demo",
            "name_prefix": "",
            "path": "/",
            "role": "terraform-eks-demo-node",
            "tags": null,
            "tags_all": {},
            "unique_id": "AIPATCKAPUALQMPHMXZ5T"
          },
          "sensitive_attributes": [],
          "private": "bnVsbA==",
          "dependencies": [
            "aws_iam_role.demo-node"
          ],
          "create_before_destroy": true
        }
      ]
    },
    {
      "mode": "managed",
      "type": "aws_iam_policy",
      "name": "cloudwatch_policy",
      "provider": "provider[\"registry.terraform.io/hashicorp/aws\"]",
      "instances": [
        {
          "schema_version": 0,
          "attributes": {
            "arn": "arn:aws:iam::211125510167:policy/eks-cloudwatch-policy",
            "attachment_count": 0,
            "description": "Allows writing CloudWatch metrics and logs",
            "id": "arn:aws:iam::211125510167:policy/eks-cloudwatch-policy",
            "name": "eks-cloudwatch-policy",
            "name_prefix": "",
            "path": "/",
            "policy": "{\"Statement\":[{\"Action\":[\"cloudwatch:PutMetricData\",\"logs:CreateLogGroup\",\"logs:CreateLogStream\",\"logs:PutLogEvents\"],\"Effect\":\"Allow\",\"Resource\":\"*\"}],\"Version\":\"2012-10-17\"}",
            "policy_id": "ANPATCKAPUAL7EE3C3P5Z",
            "tags": null,
            "tags_all": {}
          },
          "sensitive_attributes": [],
          "private": "bnVsbA=="
        }
      ]
    },
    {
      "mode": "managed",
      "type": "aws_iam_role",
      "name": "cloudwatch_role",
      "provider": "provider[\"registry.terraform.io/hashicorp/aws\"]",
      "instances": [
        {
          "schema_version": 0,
          "attributes": {
            "arn": "arn:aws:iam::211125510167:role/eks-cloudwatch-role",
            "assume_role_policy": "{\"Statement\":[{\"Action\":\"sts:AssumeRole\",\"Effect\":\"Allow\",\"Principal\":{\"Service\":\"eks.amazonaws.com\"}}],\"Version\":\"2012-10-17\"}",
            "create_date": "2024-06-26T16:27:02Z",
            "description": "",
            "force_detach_policies": false,
            "id": "eks-cloudwatch-role",
            "inline_policy": [],
            "managed_policy_arns": [],
            "max_session_duration": 3600,
            "name": "eks-cloudwatch-role",
            "name_prefix": "",
            "path": "/",
            "permissions_boundary": "",
            "tags": null,
            "tags_all": {},
            "unique_id": "AROATCKAPUALV2MLDM24R"
          },
          "sensitive_attributes": [],
          "private": "bnVsbA=="
        }
      ]
    },
    {
      "mode": "managed",
      "type": "aws_iam_role",
      "name": "demo-cluster",
      "provider": "provider[\"registry.terraform.io/hashicorp/aws\"]",
      "instances": [
        {
          "schema_version": 0,
          "attributes": {
            "arn": "arn:aws:iam::211125510167:role/terraform-eks-demo-cluster",
            "assume_role_policy": "{\"Statement\":[{\"Action\":\"sts:AssumeRole\",\"Effect\":\"Allow\",\"Principal\":{\"Service\":\"eks.amazonaws.com\"}}],\"Version\":\"2012-10-17\"}",
            "create_date": "2024-06-26T16:27:02Z",
            "description": "",
            "force_detach_policies": false,
            "id": "terraform-eks-demo-cluster",
            "inline_policy": [],
            "managed_policy_arns": [],
            "max_session_duration": 3600,
            "name": "terraform-eks-demo-cluster",
            "name_prefix": "",
            "path": "/",
            "permissions_boundary": "",
            "tags": null,
            "tags_all": {},
            "unique_id": "AROATCKAPUALW6VGGTUOP"
          },
          "sensitive_attributes": [],
          "private": "bnVsbA==",
          "create_before_destroy": true
        }
      ]
    },
    {
      "mode": "managed",
      "type": "aws_iam_role",
      "name": "demo-node",
      "provider": "provider[\"registry.terraform.io/hashicorp/aws\"]",
      "instances": [
        {
          "schema_version": 0,
          "attributes": {
            "arn": "arn:aws:iam::211125510167:role/terraform-eks-demo-node",
            "assume_role_policy": "{\"Statement\":[{\"Action\":\"sts:AssumeRole\",\"Effect\":\"Allow\",\"Principal\":{\"Service\":\"ec2.amazonaws.com\"}}],\"Version\":\"2012-10-17\"}",
            "create_date": "2024-06-26T16:27:02Z",
            "description": "",
            "force_detach_policies": false,
            "id": "terraform-eks-demo-node",
            "inline_policy": [],
            "managed_policy_arns": [],
            "max_session_duration": 3600,
            "name": "terraform-eks-demo-node",
            "name_prefix": "",
            "path": "/",
            "permissions_boundary": "",
            "tags": null,
            "tags_all": {},
            "unique_id": "AROATCKAPUALQAGSHUP6P"
          },
          "sensitive_attributes": [],
          "private": "bnVsbA==",
          "create_before_destroy": true
        }
      ]
    },
    {
      "mode": "managed",
      "type": "aws_iam_role_policy_attachment",
      "name": "cloudwatch_attach",
      "provider": "provider[\"registry.terraform.io/hashicorp/aws\"]",
      "instances": [
        {
          "schema_version": 0,
          "attributes": {
            "id": "eks-cloudwatch-role-20240626162703126100000006",
            "policy_arn": "arn:aws:iam::211125510167:policy/eks-cloudwatch-policy",
            "role": "eks-cloudwatch-role"
          },
          "sensitive_attributes": [],
          "private": "bnVsbA==",
          "dependencies": [
            "aws_iam_policy.cloudwatch_policy",
            "aws_iam_role.cloudwatch_role"
          ]
        }
      ]
    },
    {
      "mode": "managed",
      "type": "aws_iam_role_policy_attachment",
      "name": "demo-cluster-AmazonEKSClusterPolicy",
      "provider": "provider[\"registry.terraform.io/hashicorp/aws\"]",
      "instances": [
        {
          "schema_version": 0,
          "attributes": {
            "id": "terraform-eks-demo-cluster-20240626162703173800000007",
            "policy_arn": "arn:aws:iam::aws:policy/AmazonEKSClusterPolicy",
            "role": "terraform-eks-demo-cluster"
          },
          "sensitive_attributes": [],
          "private": "bnVsbA==",
          "dependencies": [
            "aws_iam_role.demo-cluster"
          ],
          "create_before_destroy": true
        }
      ]
    },
    {
      "mode": "managed",
      "type": "aws_iam_role_policy_attachment",
      "name": "demo-cluster-AmazonEKSServicePolicy",
      "provider": "provider[\"registry.terraform.io/hashicorp/aws\"]",
      "instances": [
        {
          "schema_version": 0,
          "attributes": {
            "id": "terraform-eks-demo-cluster-20240626162703216400000008",
            "policy_arn": "arn:aws:iam::aws:policy/AmazonEKSServicePolicy",
            "role": "terraform-eks-demo-cluster"
          },
          "sensitive_attributes": [],
          "private": "bnVsbA==",
          "dependencies": [
            "aws_iam_role.demo-cluster"
          ],
          "create_before_destroy": true
        }
      ]
    },
    {
      "mode": "managed",
      "type": "aws_iam_role_policy_attachment",
      "name": "demo-node-AmazonEC2ContainerRegistryPowerUser",
      "provider": "provider[\"registry.terraform.io/hashicorp/aws\"]",
      "instances": [
        {
          "schema_version": 0,
          "attributes": {
            "id": "terraform-eks-demo-node-20240626162703000500000001",
            "policy_arn": "arn:aws:iam::aws:policy/AmazonEC2ContainerRegistryPowerUser",
            "role": "terraform-eks-demo-node"
          },
          "sensitive_attributes": [],
          "private": "bnVsbA==",
          "dependencies": [
            "aws_iam_role.demo-node"
          ]
        }
      ]
    },
    {
      "mode": "managed",
      "type": "aws_iam_role_policy_attachment",
      "name": "demo-node-AmazonEC2ContainerRegistryReadOnly",
      "provider": "provider[\"registry.terraform.io/hashicorp/aws\"]",
      "instances": [
        {
          "schema_version": 0,
          "attributes": {
            "id": "terraform-eks-demo-node-20240626162703102600000005",
            "policy_arn": "arn:aws:iam::aws:policy/AmazonEC2ContainerRegistryReadOnly",
            "role": "terraform-eks-demo-node"
          },
          "sensitive_attributes": [],
          "private": "bnVsbA==",
          "dependencies": [
            "aws_iam_role.demo-node"
          ]
        }
      ]
    },
    {
      "mode": "managed",
      "type": "aws_iam_role_policy_attachment",
      "name": "demo-node-AmazonEKSClusterPolicy",
      "provider": "provider[\"registry.terraform.io/hashicorp/aws\"]",
      "instances": [
        {
          "schema_version": 0,
          "attributes": {
            "id": "terraform-eks-demo-node-20240626162703011400000002",
            "policy_arn": "arn:aws:iam::aws:policy/AmazonEKSClusterPolicy",
            "role": "terraform-eks-demo-node"
          },
          "sensitive_attributes": [],
          "private": "bnVsbA==",
          "dependencies": [
            "aws_iam_role.demo-node"
          ]
        }
      ]
    },
    {
      "mode": "managed",
      "type": "aws_iam_role_policy_attachment",
      "name": "demo-node-AmazonEKSWorkerNodePolicy",
      "provider": "provider[\"registry.terraform.io/hashicorp/aws\"]",
      "instances": [
        {
          "schema_version": 0,
          "attributes": {
            "id": "terraform-eks-demo-node-20240626162703021800000003",
            "policy_arn": "arn:aws:iam::aws:policy/AmazonEKSWorkerNodePolicy",
            "role": "terraform-eks-demo-node"
          },
          "sensitive_attributes": [],
          "private": "bnVsbA==",
          "dependencies": [
            "aws_iam_role.demo-node"
          ]
        }
      ]
    },
    {
      "mode": "managed",
      "type": "aws_iam_role_policy_attachment",
      "name": "demo-node-AmazonEKS_CNI_Policy",
      "provider": "provider[\"registry.terraform.io/hashicorp/aws\"]",
      "instances": [
        {
          "schema_version": 0,
          "attributes": {
            "id": "terraform-eks-demo-node-20240626162703083300000004",
            "policy_arn": "arn:aws:iam::aws:policy/AmazonEKS_CNI_Policy",
            "role": "terraform-eks-demo-node"
          },
          "sensitive_attributes": [],
          "private": "bnVsbA==",
          "dependencies": [
            "aws_iam_role.demo-node"
          ]
        }
      ]
    },
    {
      "mode": "managed",
      "type": "aws_internet_gateway",
      "name": "demo",
      "provider": "provider[\"registry.terraform.io/hashicorp/aws\"]",
      "instances": [
        {
          "schema_version": 0,
          "attributes": {
            "arn": "arn:aws:ec2:us-east-1:211125510167:internet-gateway/igw-0dc95a674fdd7dc59",
            "id": "igw-0dc95a674fdd7dc59",
            "owner_id": "211125510167",
            "tags": {
              "Name": "terraform-eks-demo"
            },
            "tags_all": {
              "Name": "terraform-eks-demo"
            },
            "timeouts": null,
            "vpc_id": "vpc-03fa1bf55924ec857"
          },
          "sensitive_attributes": [],
          "private": "eyJlMmJmYjczMC1lY2FhLTExZTYtOGY4OC0zNDM2M2JjN2M0YzAiOnsiY3JlYXRlIjoxMjAwMDAwMDAwMDAwLCJkZWxldGUiOjEyMDAwMDAwMDAwMDAsInVwZGF0ZSI6MTIwMDAwMDAwMDAwMH19",
          "dependencies": [
            "aws_vpc.demo"
          ]
        }
      ]
    },
    {
      "mode": "managed",
      "type": "aws_launch_configuration",
      "name": "demo",
      "provider": "provider[\"registry.terraform.io/hashicorp/aws\"]",
      "instances": [
        {
          "schema_version": 0,
          "attributes": {
            "arn": "arn:aws:autoscaling:us-east-1:211125510167:launchConfiguration:3346e65c-00d0-439b-9282-de8c2c87dd7f:launchConfigurationName/terraform-eks-demo2024062616341204520000000a",
            "associate_public_ip_address": true,
            "ebs_block_device": [],
            "ebs_optimized": false,
            "enable_monitoring": true,
            "ephemeral_block_device": [],
            "iam_instance_profile": "terraform-eks-demo",
            "id": "terraform-eks-demo2024062616341204520000000a",
            "image_id": "ami-05e7e986227a095a9",
            "instance_type": "m4.large",
            "key_name": "",
            "metadata_options": [],
            "name": "terraform-eks-demo2024062616341204520000000a",
            "name_prefix": "terraform-eks-demo",
            "placement_tenancy": "",
            "root_block_device": [],
            "security_groups": [
              "sg-0843c50bd5d10516c"
            ],
            "spot_price": "",
            "user_data": null,
            "user_data_base64": "IyEvYmluL2Jhc2gNCnNldCAtbyB4dHJhY2UNCi9ldGMvZWtzL2Jvb3RzdHJhcC5zaCAtLWFwaXNlcnZlci1lbmRwb2ludCAnaHR0cHM6Ly8zNDdBRTEzQjc3MzA0ODc4ODI0MjJCOEFBQkI1REQxMC5ncjcudXMtZWFzdC0xLmVrcy5hbWF6b25hd3MuY29tJyAtLWI2NC1jbHVzdGVyLWNhICdMUzB0TFMxQ1JVZEpUaUJEUlZKVVNVWkpRMEZVUlMwdExTMHRDazFKU1VSQ1ZFTkRRV1V5WjBGM1NVSkJaMGxKU0U4NVN6QnlOUzlJUjBsM1JGRlpTa3R2V2tsb2RtTk9RVkZGVEVKUlFYZEdWRVZVVFVKRlIwRXhWVVVLUVhoTlMyRXpWbWxhV0VwMVdsaFNiR042UVdWR2R6QjVUa1JCTWsxcVdYaE9ha2t5VFdwc1lVWjNNSHBPUkVFeVRXcFJlRTVxVFhoTmFteGhUVUpWZUFwRmVrRlNRbWRPVmtKQlRWUkRiWFF4V1cxV2VXSnRWakJhV0UxM1oyZEZhVTFCTUVkRFUzRkhVMGxpTTBSUlJVSkJVVlZCUVRSSlFrUjNRWGRuWjBWTENrRnZTVUpCVVVSdFQxbFJWSE5VZDNKV1JGa3dWbUptZDBacU5WVmtVbGxTWTFNMVdVcG1iVUp2V1hkU1FtSkdPVEJoYUZsTE9FSTJaWGMzZW14NVZVNEthMGxFWjBaMVJYZ3paV3R0VW0xRWVtZFFWMUZ1VkZwNVRqWnNablYwTVU5R056VllkMVpxUWt0QlRWbDZkRnBqYlZOV0sxZG5jRXRyWkVsWGIweHBjQXBYZVhGblkzTnJTakJpV21WYVZsSmpZbTFFYnpWV1QyMDBla1EzTVZOeVltNXJkRGRKWldwcmIwc3pSak14Ukd4bGFFNXNTVzVsVkdKYVpWUnJaMkpUQ2tKamRqVXhPVEZyWmtSbVEzUXpVa1JUWldNM0wzQkhjemxuWm05bFpuVndha05UZFVoTGRFUjBhM2xDTlVwMVZIcHVRVGRMYVdwM1FVOTVWaXR6V25NS2RtcDRXRmhKV25sS1VWRkNiM05OVEhKdFNFRlJXVWt6TTJOSFRUaE9RemgyTW5JeGVHVlhiVWs1ZUZkQk0wTXlhbGxzY0hSblIwSXhkQ3M1VlhobWJnbzRlbnA2WVVsS1JVNUdiMFpIZDBSbU5WUldOV0ZrYW1Wc1kzaGtRV2ROUWtGQlIycFhWRUpZVFVFMFIwRXhWV1JFZDBWQ0wzZFJSVUYzU1VOd1JFRlFDa0puVGxaSVVrMUNRV1k0UlVKVVFVUkJVVWd2VFVJd1IwRXhWV1JFWjFGWFFrSlRORlZaUlZjNFJIWnZkWHBNTnpKd2R6QmlkbEZPVGxrek5GRjZRVllLUW1kT1ZraFNSVVZFYWtGTloyZHdjbVJYU214amJUVnNaRWRXZWsxQk1FZERVM0ZIVTBsaU0wUlJSVUpEZDFWQlFUUkpRa0ZSUVhOVU1WQlFRWGhCUVFweVV6WkdOREJYVFU5VFpDOHdibXhvWWtkWEsxTTRlSEZqWjBGalZucFNOVmQxV0U1Nk0wUTFTbTVXYVVWalJuTk5PRlF5TjFCUlRrcHVRVUZPUTFkckNrSklURWwzUVZOa2FsWTJMMGROYm5KVVozSjBOazVWZWxNNVRsVk1VVEJSZW01c05FWlRSMFF2TWtkSVdFZG1XRVV3VEROcVJtUjBZbmR0YkV4Sk9WZ0thMmwzZVhWS05FbHdUV1pDVlZnMWJrbERkVUZIYTI1Q05IVktabk4zVjNCWmNscHhWVk1yVTNOWmJuWnhlVUpIVjNoMVUzTnlXV0ZFT1hvd1ZGTXhkQW8xTlhwTlZHdHdUekJxVjFaaGFUaDFXV1JuYkRoNVRsTk5jWFphU1dwRk1WZHpTbkZzZFhsQmQzZzVMMGxXWVhKTFZHRnlUV3BYVVRJck5HODVRV3B4Q21Wa1lrdFpSekJGUmtONVZrRjRVRkJMY0hRemVtUjRjV2w0VkVKdVJucHNiSGx1VVV4UVZEY3lTbXhGUkV4clQwazRSemt6VlRrelJreEVWblV6UzJjS1ZFcFNORkI2YTFaSVJGRnlDaTB0TFMwdFJVNUVJRU5GVWxSSlJrbERRVlJGTFMwdExTMEsnICd0ZXJyYWZvcm0tZWtzLWRlbW8nDQo="
          },
          "sensitive_attributes": [],
          "private": "bnVsbA==",
          "dependencies": [
            "aws_eks_cluster.demo",
            "aws_iam_instance_profile.demo-node",
            "aws_iam_role.demo-cluster",
            "aws_iam_role.demo-node",
            "aws_iam_role_policy_attachment.demo-cluster-AmazonEKSClusterPolicy",
            "aws_iam_role_policy_attachment.demo-cluster-AmazonEKSServicePolicy",
            "aws_security_group.demo-cluster",
            "aws_security_group.demo-node",
            "aws_subnet.demo",
            "aws_vpc.demo",
            "data.aws_ami.eks-worker",
            "data.aws_availability_zones.available"
          ],
          "create_before_destroy": true
        }
      ]
    },
    {
      "mode": "managed",
      "type": "aws_route_table",
      "name": "demo",
      "provider": "provider[\"registry.terraform.io/hashicorp/aws\"]",
      "instances": [
        {
          "schema_version": 0,
          "attributes": {
            "arn": "arn:aws:ec2:us-east-1:211125510167:route-table/rtb-0970e0a2a330a73e7",
            "id": "rtb-0970e0a2a330a73e7",
            "owner_id": "211125510167",
            "propagating_vgws": [],
            "route": [
              {
                "carrier_gateway_id": "",
                "cidr_block": "0.0.0.0/0",
                "core_network_arn": "",
                "destination_prefix_list_id": "",
                "egress_only_gateway_id": "",
                "gateway_id": "igw-0dc95a674fdd7dc59",
                "ipv6_cidr_block": "",
                "local_gateway_id": "",
                "nat_gateway_id": "",
                "network_interface_id": "",
                "transit_gateway_id": "",
                "vpc_endpoint_id": "",
                "vpc_peering_connection_id": ""
              }
            ],
            "tags": null,
            "tags_all": {},
            "timeouts": null,
            "vpc_id": "vpc-03fa1bf55924ec857"
          },
          "sensitive_attributes": [],
          "private": "eyJlMmJmYjczMC1lY2FhLTExZTYtOGY4OC0zNDM2M2JjN2M0YzAiOnsiY3JlYXRlIjozMDAwMDAwMDAwMDAsImRlbGV0ZSI6MzAwMDAwMDAwMDAwLCJ1cGRhdGUiOjEyMDAwMDAwMDAwMH19",
          "dependencies": [
            "aws_internet_gateway.demo",
            "aws_vpc.demo"
          ]
        }
      ]
    },
    {
      "mode": "managed",
      "type": "aws_route_table_association",
      "name": "demo",
      "provider": "provider[\"registry.terraform.io/hashicorp/aws\"]",
      "instances": [
        {
          "index_key": 0,
          "schema_version": 0,
          "attributes": {
            "gateway_id": "",
            "id": "rtbassoc-0e3673286abc59643",
            "route_table_id": "rtb-0970e0a2a330a73e7",
            "subnet_id": "subnet-013bc17d0bdb3916c",
            "timeouts": null
          },
          "sensitive_attributes": [],
          "private": "eyJlMmJmYjczMC1lY2FhLTExZTYtOGY4OC0zNDM2M2JjN2M0YzAiOnsiY3JlYXRlIjozMDAwMDAwMDAwMDAsImRlbGV0ZSI6MzAwMDAwMDAwMDAwLCJ1cGRhdGUiOjEyMDAwMDAwMDAwMH19",
          "dependencies": [
            "aws_internet_gateway.demo",
            "aws_route_table.demo",
            "aws_subnet.demo",
            "aws_vpc.demo",
            "data.aws_availability_zones.available"
          ]
        },
        {
          "index_key": 1,
          "schema_version": 0,
          "attributes": {
            "gateway_id": "",
            "id": "rtbassoc-012bb81bc9e275b0b",
            "route_table_id": "rtb-0970e0a2a330a73e7",
            "subnet_id": "subnet-00e830cc758be0c08",
            "timeouts": null
          },
          "sensitive_attributes": [],
          "private": "eyJlMmJmYjczMC1lY2FhLTExZTYtOGY4OC0zNDM2M2JjN2M0YzAiOnsiY3JlYXRlIjozMDAwMDAwMDAwMDAsImRlbGV0ZSI6MzAwMDAwMDAwMDAwLCJ1cGRhdGUiOjEyMDAwMDAwMDAwMH19",
          "dependencies": [
            "aws_internet_gateway.demo",
            "aws_route_table.demo",
            "aws_subnet.demo",
            "aws_vpc.demo",
            "data.aws_availability_zones.available"
          ]
        }
      ]
    },
    {
      "mode": "managed",
      "type": "aws_security_group",
      "name": "demo-cluster",
      "provider": "provider[\"registry.terraform.io/hashicorp/aws\"]",
      "instances": [
        {
          "schema_version": 1,
          "attributes": {
            "arn": "arn:aws:ec2:us-east-1:211125510167:security-group/sg-07cb48be6a557a805",
            "description": "Cluster communication with worker nodes",
            "egress": [
              {
                "cidr_blocks": [
                  "0.0.0.0/0"
                ],
                "description": "",
                "from_port": 0,
                "ipv6_cidr_blocks": [],
                "prefix_list_ids": [],
                "protocol": "-1",
                "security_groups": [],
                "self": false,
                "to_port": 0
              }
            ],
            "id": "sg-07cb48be6a557a805",
            "ingress": [],
            "name": "terraform-eks-demo-cluster",
            "name_prefix": "",
            "owner_id": "211125510167",
            "revoke_rules_on_delete": false,
            "tags": {
              "Name": "terraform-eks-demo"
            },
            "tags_all": {
              "Name": "terraform-eks-demo"
            },
            "timeouts": null,
            "vpc_id": "vpc-03fa1bf55924ec857"
          },
          "sensitive_attributes": [],
          "private": "eyJlMmJmYjczMC1lY2FhLTExZTYtOGY4OC0zNDM2M2JjN2M0YzAiOnsiY3JlYXRlIjo2MDAwMDAwMDAwMDAsImRlbGV0ZSI6OTAwMDAwMDAwMDAwfSwic2NoZW1hX3ZlcnNpb24iOiIxIn0=",
          "dependencies": [
            "aws_vpc.demo"
          ],
          "create_before_destroy": true
        }
      ]
    },
    {
      "mode": "managed",
      "type": "aws_security_group",
      "name": "demo-node",
      "provider": "provider[\"registry.terraform.io/hashicorp/aws\"]",
      "instances": [
        {
          "schema_version": 1,
          "attributes": {
            "arn": "arn:aws:ec2:us-east-1:211125510167:security-group/sg-0843c50bd5d10516c",
            "description": "Security group for all nodes in the cluster",
            "egress": [
              {
                "cidr_blocks": [
                  "0.0.0.0/0"
                ],
                "description": "",
                "from_port": 0,
                "ipv6_cidr_blocks": [],
                "prefix_list_ids": [],
                "protocol": "-1",
                "security_groups": [],
                "self": false,
                "to_port": 0
              }
            ],
            "id": "sg-0843c50bd5d10516c",
            "ingress": [],
            "name": "terraform-eks-demo-node",
            "name_prefix": "",
            "owner_id": "211125510167",
            "revoke_rules_on_delete": false,
            "tags": {
              "Name": "terraform-eks-demo-node",
              "kubernetes.io/cluster/terraform-eks-demo": "owned"
            },
            "tags_all": {
              "Name": "terraform-eks-demo-node",
              "kubernetes.io/cluster/terraform-eks-demo": "owned"
            },
            "timeouts": null,
            "vpc_id": "vpc-03fa1bf55924ec857"
          },
          "sensitive_attributes": [],
          "private": "eyJlMmJmYjczMC1lY2FhLTExZTYtOGY4OC0zNDM2M2JjN2M0YzAiOnsiY3JlYXRlIjo2MDAwMDAwMDAwMDAsImRlbGV0ZSI6OTAwMDAwMDAwMDAwfSwic2NoZW1hX3ZlcnNpb24iOiIxIn0=",
          "dependencies": [
            "aws_vpc.demo"
          ],
          "create_before_destroy": true
        }
      ]
    },
    {
      "mode": "managed",
      "type": "aws_security_group_rule",
      "name": "demo-cluster-ingress-node-https",
      "provider": "provider[\"registry.terraform.io/hashicorp/aws\"]",
      "instances": [
        {
          "schema_version": 2,
          "attributes": {
            "cidr_blocks": null,
            "description": "Allow pods to communicate with the cluster API Server",
            "from_port": 443,
            "id": "sgrule-3070172183",
            "ipv6_cidr_blocks": null,
            "prefix_list_ids": null,
            "protocol": "tcp",
            "security_group_id": "sg-07cb48be6a557a805",
            "security_group_rule_id": "sgr-05b6275f8283f845c",
            "self": false,
            "source_security_group_id": "sg-0843c50bd5d10516c",
            "timeouts": null,
            "to_port": 443,
            "type": "ingress"
          },
          "sensitive_attributes": [],
          "private": "eyJlMmJmYjczMC1lY2FhLTExZTYtOGY4OC0zNDM2M2JjN2M0YzAiOnsiY3JlYXRlIjozMDAwMDAwMDAwMDB9LCJzY2hlbWFfdmVyc2lvbiI6IjIifQ==",
          "dependencies": [
            "aws_security_group.demo-cluster",
            "aws_security_group.demo-node",
            "aws_vpc.demo"
          ]
        }
      ]
    },
    {
      "mode": "managed",
      "type": "aws_security_group_rule",
      "name": "demo-cluster-ingress-nodeport-30001",
      "provider": "provider[\"registry.terraform.io/hashicorp/aws\"]",
      "instances": [
        {
          "schema_version": 2,
          "attributes": {
            "cidr_blocks": [
              "0.0.0.0/0"
            ],
            "description": "Allow access to NodePort 30001 from anywhere",
            "from_port": 30001,
            "id": "sgrule-2616727403",
            "ipv6_cidr_blocks": null,
            "prefix_list_ids": null,
            "protocol": "tcp",
            "security_group_id": "sg-07cb48be6a557a805",
            "security_group_rule_id": "sgr-02bd0b2256a83a044",
            "self": false,
            "source_security_group_id": null,
            "timeouts": null,
            "to_port": 30001,
            "type": "ingress"
          },
          "sensitive_attributes": [],
          "private": "eyJlMmJmYjczMC1lY2FhLTExZTYtOGY4OC0zNDM2M2JjN2M0YzAiOnsiY3JlYXRlIjozMDAwMDAwMDAwMDB9LCJzY2hlbWFfdmVyc2lvbiI6IjIifQ==",
          "dependencies": [
            "aws_security_group.demo-cluster",
            "aws_vpc.demo"
          ]
        }
      ]
    },
    {
      "mode": "managed",
      "type": "aws_security_group_rule",
      "name": "demo-cluster-ingress-nodeport-30002",
      "provider": "provider[\"registry.terraform.io/hashicorp/aws\"]",
      "instances": [
        {
          "schema_version": 2,
          "attributes": {
            "cidr_blocks": [
              "0.0.0.0/0"
            ],
            "description": "Allow access to NodePort 30002 from anywhere",
            "from_port": 30002,
            "id": "sgrule-2269616987",
            "ipv6_cidr_blocks": null,
            "prefix_list_ids": null,
            "protocol": "tcp",
            "security_group_id": "sg-07cb48be6a557a805",
            "security_group_rule_id": "sgr-094274df85e5bdc48",
            "self": false,
            "source_security_group_id": null,
            "timeouts": null,
            "to_port": 30002,
            "type": "ingress"
          },
          "sensitive_attributes": [],
          "private": "eyJlMmJmYjczMC1lY2FhLTExZTYtOGY4OC0zNDM2M2JjN2M0YzAiOnsiY3JlYXRlIjozMDAwMDAwMDAwMDB9LCJzY2hlbWFfdmVyc2lvbiI6IjIifQ==",
          "dependencies": [
            "aws_security_group.demo-cluster",
            "aws_vpc.demo"
          ]
        }
      ]
    },
    {
      "mode": "managed",
      "type": "aws_security_group_rule",
      "name": "demo-cluster-ingress-workstation-https",
      "provider": "provider[\"registry.terraform.io/hashicorp/aws\"]",
      "instances": [
        {
          "schema_version": 2,
          "attributes": {
            "cidr_blocks": [
              "0.0.0.0/0"
            ],
            "description": "Allow workstation to communicate with the cluster API Server",
            "from_port": 443,
            "id": "sgrule-3924554195",
            "ipv6_cidr_blocks": null,
            "prefix_list_ids": null,
            "protocol": "tcp",
            "security_group_id": "sg-07cb48be6a557a805",
            "security_group_rule_id": "sgr-098741f414cffd46a",
            "self": false,
            "source_security_group_id": null,
            "timeouts": null,
            "to_port": 443,
            "type": "ingress"
          },
          "sensitive_attributes": [],
          "private": "eyJlMmJmYjczMC1lY2FhLTExZTYtOGY4OC0zNDM2M2JjN2M0YzAiOnsiY3JlYXRlIjozMDAwMDAwMDAwMDB9LCJzY2hlbWFfdmVyc2lvbiI6IjIifQ==",
          "dependencies": [
            "aws_security_group.demo-cluster",
            "aws_vpc.demo"
          ]
        }
      ]
    },
    {
      "mode": "managed",
      "type": "aws_security_group_rule",
      "name": "demo-node-ingress-cluster",
      "provider": "provider[\"registry.terraform.io/hashicorp/aws\"]",
      "instances": [
        {
          "schema_version": 2,
          "attributes": {
            "cidr_blocks": null,
            "description": "Allow worker Kubelets and pods to receive communication from the cluster control plane",
            "from_port": 1025,
            "id": "sgrule-385857991",
            "ipv6_cidr_blocks": null,
            "prefix_list_ids": null,
            "protocol": "tcp",
            "security_group_id": "sg-0843c50bd5d10516c",
            "security_group_rule_id": "sgr-0c6ec9ebf0702e324",
            "self": false,
            "source_security_group_id": "sg-07cb48be6a557a805",
            "timeouts": null,
            "to_port": 65535,
            "type": "ingress"
          },
          "sensitive_attributes": [],
          "private": "eyJlMmJmYjczMC1lY2FhLTExZTYtOGY4OC0zNDM2M2JjN2M0YzAiOnsiY3JlYXRlIjozMDAwMDAwMDAwMDB9LCJzY2hlbWFfdmVyc2lvbiI6IjIifQ==",
          "dependencies": [
            "aws_security_group.demo-cluster",
            "aws_security_group.demo-node",
            "aws_vpc.demo"
          ]
        }
      ]
    },
    {
      "mode": "managed",
      "type": "aws_security_group_rule",
      "name": "demo-node-ingress-http",
      "provider": "provider[\"registry.terraform.io/hashicorp/aws\"]",
      "instances": [
        {
          "schema_version": 2,
          "attributes": {
            "cidr_blocks": [
              "0.0.0.0/0"
            ],
            "description": "Allow access to NodePort 30002",
            "from_port": 30002,
            "id": "sgrule-1020960886",
            "ipv6_cidr_blocks": null,
            "prefix_list_ids": null,
            "protocol": "tcp",
            "security_group_id": "sg-0843c50bd5d10516c",
            "security_group_rule_id": "sgr-0125b6701fdc2234d",
            "self": false,
            "source_security_group_id": null,
            "timeouts": null,
            "to_port": 30002,
            "type": "ingress"
          },
          "sensitive_attributes": [],
          "private": "eyJlMmJmYjczMC1lY2FhLTExZTYtOGY4OC0zNDM2M2JjN2M0YzAiOnsiY3JlYXRlIjozMDAwMDAwMDAwMDB9LCJzY2hlbWFfdmVyc2lvbiI6IjIifQ==",
          "dependencies": [
            "aws_security_group.demo-node",
            "aws_vpc.demo"
          ]
        }
      ]
    },
    {
      "mode": "managed",
      "type": "aws_security_group_rule",
      "name": "demo-node-ingress-http-2",
      "provider": "provider[\"registry.terraform.io/hashicorp/aws\"]",
      "instances": [
        {
          "schema_version": 2,
          "attributes": {
            "cidr_blocks": [
              "0.0.0.0/0"
            ],
            "description": "Allow access to NodePort 30001",
            "from_port": 30001,
            "id": "sgrule-543501382",
            "ipv6_cidr_blocks": null,
            "prefix_list_ids": null,
            "protocol": "tcp",
            "security_group_id": "sg-0843c50bd5d10516c",
            "security_group_rule_id": "sgr-0b4e4d6e85d273bd6",
            "self": false,
            "source_security_group_id": null,
            "timeouts": null,
            "to_port": 30001,
            "type": "ingress"
          },
          "sensitive_attributes": [],
          "private": "eyJlMmJmYjczMC1lY2FhLTExZTYtOGY4OC0zNDM2M2JjN2M0YzAiOnsiY3JlYXRlIjozMDAwMDAwMDAwMDB9LCJzY2hlbWFfdmVyc2lvbiI6IjIifQ==",
          "dependencies": [
            "aws_security_group.demo-node",
            "aws_vpc.demo"
          ]
        }
      ]
    },
    {
      "mode": "managed",
      "type": "aws_security_group_rule",
      "name": "demo-node-ingress-self",
      "provider": "provider[\"registry.terraform.io/hashicorp/aws\"]",
      "instances": [
        {
          "schema_version": 2,
          "attributes": {
            "cidr_blocks": null,
            "description": "Allow node to communicate with each other",
            "from_port": 0,
            "id": "sgrule-643052836",
            "ipv6_cidr_blocks": null,
            "prefix_list_ids": null,
            "protocol": "-1",
            "security_group_id": "sg-0843c50bd5d10516c",
            "security_group_rule_id": "sgr-00fca806d6ffd24c9",
            "self": false,
            "source_security_group_id": "sg-0843c50bd5d10516c",
            "timeouts": null,
            "to_port": 65535,
            "type": "ingress"
          },
          "sensitive_attributes": [],
          "private": "eyJlMmJmYjczMC1lY2FhLTExZTYtOGY4OC0zNDM2M2JjN2M0YzAiOnsiY3JlYXRlIjozMDAwMDAwMDAwMDB9LCJzY2hlbWFfdmVyc2lvbiI6IjIifQ==",
          "dependencies": [
            "aws_security_group.demo-node",
            "aws_vpc.demo"
          ]
        }
      ]
    },
    {
      "mode": "managed",
      "type": "aws_subnet",
      "name": "demo",
      "provider": "provider[\"registry.terraform.io/hashicorp/aws\"]",
      "instances": [
        {
          "index_key": 0,
          "schema_version": 1,
          "attributes": {
            "arn": "arn:aws:ec2:us-east-1:211125510167:subnet/subnet-013bc17d0bdb3916c",
            "assign_ipv6_address_on_creation": false,
            "availability_zone": "us-east-1a",
            "availability_zone_id": "use1-az6",
            "cidr_block": "10.0.0.0/24",
            "customer_owned_ipv4_pool": "",
            "enable_dns64": false,
            "enable_lni_at_device_index": 0,
            "enable_resource_name_dns_a_record_on_launch": false,
            "enable_resource_name_dns_aaaa_record_on_launch": false,
            "id": "subnet-013bc17d0bdb3916c",
            "ipv6_cidr_block": "",
            "ipv6_cidr_block_association_id": "",
            "ipv6_native": false,
            "map_customer_owned_ip_on_launch": false,
            "map_public_ip_on_launch": false,
            "outpost_arn": "",
            "owner_id": "211125510167",
            "private_dns_hostname_type_on_launch": "ip-name",
            "tags": {
              "Name": "terraform-eks-demo-node",
              "kubernetes.io/cluster/terraform-eks-demo": "shared"
            },
            "tags_all": {
              "Name": "terraform-eks-demo-node",
              "kubernetes.io/cluster/terraform-eks-demo": "shared"
            },
            "timeouts": null,
            "vpc_id": "vpc-03fa1bf55924ec857"
          },
          "sensitive_attributes": [],
          "private": "eyJlMmJmYjczMC1lY2FhLTExZTYtOGY4OC0zNDM2M2JjN2M0YzAiOnsiY3JlYXRlIjo2MDAwMDAwMDAwMDAsImRlbGV0ZSI6MTIwMDAwMDAwMDAwMH0sInNjaGVtYV92ZXJzaW9uIjoiMSJ9",
          "dependencies": [
            "aws_vpc.demo",
            "data.aws_availability_zones.available"
          ],
          "create_before_destroy": true
        },
        {
          "index_key": 1,
          "schema_version": 1,
          "attributes": {
            "arn": "arn:aws:ec2:us-east-1:211125510167:subnet/subnet-00e830cc758be0c08",
            "assign_ipv6_address_on_creation": false,
            "availability_zone": "us-east-1b",
            "availability_zone_id": "use1-az1",
            "cidr_block": "10.0.1.0/24",
            "customer_owned_ipv4_pool": "",
            "enable_dns64": false,
            "enable_lni_at_device_index": 0,
            "enable_resource_name_dns_a_record_on_launch": false,
            "enable_resource_name_dns_aaaa_record_on_launch": false,
            "id": "subnet-00e830cc758be0c08",
            "ipv6_cidr_block": "",
            "ipv6_cidr_block_association_id": "",
            "ipv6_native": false,
            "map_customer_owned_ip_on_launch": false,
            "map_public_ip_on_launch": false,
            "outpost_arn": "",
            "owner_id": "211125510167",
            "private_dns_hostname_type_on_launch": "ip-name",
            "tags": {
              "Name": "terraform-eks-demo-node",
              "kubernetes.io/cluster/terraform-eks-demo": "shared"
            },
            "tags_all": {
              "Name": "terraform-eks-demo-node",
              "kubernetes.io/cluster/terraform-eks-demo": "shared"
            },
            "timeouts": null,
            "vpc_id": "vpc-03fa1bf55924ec857"
          },
          "sensitive_attributes": [],
          "private": "eyJlMmJmYjczMC1lY2FhLTExZTYtOGY4OC0zNDM2M2JjN2M0YzAiOnsiY3JlYXRlIjo2MDAwMDAwMDAwMDAsImRlbGV0ZSI6MTIwMDAwMDAwMDAwMH0sInNjaGVtYV92ZXJzaW9uIjoiMSJ9",
          "dependencies": [
            "aws_vpc.demo",
            "data.aws_availability_zones.available"
          ],
          "create_before_destroy": true
        }
      ]
    },
    {
      "mode": "managed",
      "type": "aws_vpc",
      "name": "demo",
      "provider": "provider[\"registry.terraform.io/hashicorp/aws\"]",
      "instances": [
        {
          "schema_version": 1,
          "attributes": {
            "arn": "arn:aws:ec2:us-east-1:211125510167:vpc/vpc-03fa1bf55924ec857",
            "assign_generated_ipv6_cidr_block": false,
            "cidr_block": "10.0.0.0/16",
            "default_network_acl_id": "acl-0a9a04b99d9f2f0b4",
            "default_route_table_id": "rtb-0be466866845a5c5c",
            "default_security_group_id": "sg-0fea7c1327c4777d2",
            "dhcp_options_id": "dopt-0f17cbf0889bab838",
            "enable_dns_hostnames": false,
            "enable_dns_support": true,
            "enable_network_address_usage_metrics": false,
            "id": "vpc-03fa1bf55924ec857",
            "instance_tenancy": "default",
            "ipv4_ipam_pool_id": null,
            "ipv4_netmask_length": null,
            "ipv6_association_id": "",
            "ipv6_cidr_block": "",
            "ipv6_cidr_block_network_border_group": "",
            "ipv6_ipam_pool_id": "",
            "ipv6_netmask_length": 0,
            "main_route_table_id": "rtb-0be466866845a5c5c",
            "owner_id": "211125510167",
            "tags": {
              "Name": "terraform-eks-demo-node",
              "kubernetes.io/cluster/terraform-eks-demo": "shared"
            },
            "tags_all": {
              "Name": "terraform-eks-demo-node",
              "kubernetes.io/cluster/terraform-eks-demo": "shared"
            }
          },
          "sensitive_attributes": [],
          "private": "eyJzY2hlbWFfdmVyc2lvbiI6IjEifQ==",
          "create_before_destroy": true
        }
      ]
    }
  ],
  "check_results": null
}
